
Microsoft Visual Studio Solution File, Format Version 12.00
# Visual Studio 15
Project("{FAE04EC0-301F-11D3-BF4B-00C04F79EFBC}") = "Unity.Timeline", "Unity.Timeline.csproj", "{14801162-EA7F-6326-FC54-98497660E16A}"
EndProject
Project("{FAE04EC0-301F-11D3-BF4B-00C04F79EFBC}") = "Unity.RenderPipelines.GPUDriven.Runtime", "Unity.RenderPipelines.GPUDriven.Runtime.csproj", "{22DCA9F1-C498-2518-B3DE-87A000E88D2E}"
EndProject
Project("{FAE04EC0-301F-11D3-BF4B-00C04F79EFBC}") = "Unity.2D.Aseprite.Editor", "Unity.2D.Aseprite.Editor.csproj", "{35066B76-6C0E-87D7-1ED5-E112F0479E18}"
EndProject
Project("{FAE04EC0-301F-11D3-BF4B-00C04F79EFBC}") = "Unity.ShaderGraph.Editor", "Unity.ShaderGraph.Editor.csproj", "{F399AA54-CA0F-AA2B-AEDD-1540E30F2802}"
EndProject
Project("{FAE04EC0-301F-11D3-BF4B-00C04F79EFBC}") = "Unity.PlasticSCM.Editor", "Unity.PlasticSCM.Editor.csproj", "{26C0FB63-E135-32A2-6E21-0B4452A4EE0E}"
EndProject
Project("{FAE04EC0-301F-11D3-BF4B-00C04F79EFBC}") = "Unity.RenderPipelines.Core.Runtime", "Unity.RenderPipelines.Core.Runtime.csproj", "{615E1164-6C52-6DC8-B07F-B06EF483E44D}"
EndProject
Project("{FAE04EC0-301F-11D3-BF4B-00C04F79EFBC}") = "Unity.Mathematics", "Unity.Mathematics.csproj", "{1245F2C2-F41B-E2AE-5DC0-1BEF509235F3}"
EndProject
Project("{FAE04EC0-301F-11D3-BF4B-00C04F79EFBC}") = "Unity.Timeline.Editor", "Unity.Timeline.Editor.csproj", "{F37826EE-3C0C-1889-406B-AEB41D0573DC}"
EndProject
Project("{FAE04EC0-301F-11D3-BF4B-00C04F79EFBC}") = "Unity.Cinemachine.Editor", "Unity.Cinemachine.Editor.csproj", "{3307308B-76CE-DAE1-104C-27B7591C651A}"
EndProject
Project("{FAE04EC0-301F-11D3-BF4B-00C04F79EFBC}") = "Unity.Multiplayer.Center.Editor", "Unity.Multiplayer.Center.Editor.csproj", "{CCB30317-A893-9740-49C8-C27EA335B6B9}"
EndProject
Project("{FAE04EC0-301F-11D3-BF4B-00C04F79EFBC}") = "Unity.Collections", "Unity.Collections.csproj", "{6969D479-5FC5-7BF6-B525-B61DD512811A}"
EndProject
Project("{FAE04EC0-301F-11D3-BF4B-00C04F79EFBC}") = "UnityEngine.UI", "UnityEngine.UI.csproj", "{FB7E238E-25E7-5588-F1B0-35AFFD1DD5CE}"
EndProject
Project("{FAE04EC0-301F-11D3-BF4B-00C04F79EFBC}") = "Unity.RenderPipelines.Core.Editor", "Unity.RenderPipelines.Core.Editor.csproj", "{097B25C0-6275-E344-E74E-1945F387C356}"
EndProject
Project("{FAE04EC0-301F-11D3-BF4B-00C04F79EFBC}") = "Unity.RenderPipelines.Universal.2D.Runtime", "Unity.RenderPipelines.Universal.2D.Runtime.csproj", "{85911836-8E77-342D-6BA4-8DB66BFD805F}"
EndProject
Project("{FAE04EC0-301F-11D3-BF4B-00C04F79EFBC}") = "Unity.2D.IK.Runtime", "Unity.2D.IK.Runtime.csproj", "{A6AFB1EA-B3FC-3D0C-1892-F7380C582F9A}"
EndProject
Project("{FAE04EC0-301F-11D3-BF4B-00C04F79EFBC}") = "Unity.2D.Psdimporter.Editor", "Unity.2D.Psdimporter.Editor.csproj", "{73E0BDF7-383D-9F8B-7189-8D99AE8CDA05}"
EndProject
Project("{FAE04EC0-301F-11D3-BF4B-00C04F79EFBC}") = "Unity.VisualScripting.Core.Editor", "Unity.VisualScripting.Core.Editor.csproj", "{47DE9F93-C3D7-F625-BE2D-142574973B84}"
EndProject
Project("{FAE04EC0-301F-11D3-BF4B-00C04F79EFBC}") = "Unity.RenderPipelines.Universal.Editor", "Unity.RenderPipelines.Universal.Editor.csproj", "{1066E19F-F908-2F98-0770-3C303910D926}"
EndProject
Project("{FAE04EC0-301F-11D3-BF4B-00C04F79EFBC}") = "Unity.PerformanceTesting.Editor", "Unity.PerformanceTesting.Editor.csproj", "{32064518-CCE9-0801-4A55-B4D1A0068EB4}"
EndProject
Project("{FAE04EC0-301F-11D3-BF4B-00C04F79EFBC}") = "UnityEngine.TestRunner", "UnityEngine.TestRunner.csproj", "{BA6BC7FE-6A27-6EF1-8EDC-AD4EBFF5A984}"
EndProject
Project("{FAE04EC0-301F-11D3-BF4B-00C04F79EFBC}") = "Unity.2D.Tilemap.Editor", "Unity.2D.Tilemap.Editor.csproj", "{4D1BAF49-3B96-02FF-8EF9-7450912FB534}"
EndProject
Project("{FAE04EC0-301F-11D3-BF4B-00C04F79EFBC}") = "Unity.Burst", "Unity.Burst.csproj", "{032F2AE4-4AC8-752F-99EA-CEE883D2C361}"
EndProject
Project("{FAE04EC0-301F-11D3-BF4B-00C04F79EFBC}") = "Unity.VisualScripting.Flow.Editor", "Unity.VisualScripting.Flow.Editor.csproj", "{21794D85-3B27-BBC1-7BAB-714C7504FFEB}"
EndProject
Project("{FAE04EC0-301F-11D3-BF4B-00C04F79EFBC}") = "Unity.2D.SpriteShape.Editor", "Unity.2D.SpriteShape.Editor.csproj", "{A41C36EB-9070-2D14-DD65-8850C0F09B8D}"
EndProject
Project("{FAE04EC0-301F-11D3-BF4B-00C04F79EFBC}") = "Unity.VisualStudio.Editor", "Unity.VisualStudio.Editor.csproj", "{59557624-B46F-44CC-6F73-BD785AAA3714}"
EndProject
Project("{FAE04EC0-301F-11D3-BF4B-00C04F79EFBC}") = "Unity.InputSystem", "Unity.InputSystem.csproj", "{644BE92A-BD82-F9BE-47F6-B5673C233A1D}"
EndProject
Project("{FAE04EC0-301F-11D3-BF4B-00C04F79EFBC}") = "PPv2URPConverters", "PPv2URPConverters.csproj", "{5AF6BD0D-A031-14FC-17A1-D53F53549ED3}"
EndProject
Project("{FAE04EC0-301F-11D3-BF4B-00C04F79EFBC}") = "Unity.2D.Animation.Editor", "Unity.2D.Animation.Editor.csproj", "{838D7682-2BA0-1C48-041C-8196AB707FB5}"
EndProject
Project("{FAE04EC0-301F-11D3-BF4B-00C04F79EFBC}") = "Unity.Searcher.Editor", "Unity.Searcher.Editor.csproj", "{2C154C35-F0AB-6835-C5AD-718D72297BF7}"
EndProject
Project("{FAE04EC0-301F-11D3-BF4B-00C04F79EFBC}") = "NavMeshPlusEditor", "NavMeshPlusEditor.csproj", "{EDF97CD3-70F3-44EF-D3E9-71B0D3EC337E}"
EndProject
Project("{FAE04EC0-301F-11D3-BF4B-00C04F79EFBC}") = "Unity.2D.SpriteShape.Runtime", "Unity.2D.SpriteShape.Runtime.csproj", "{72E48400-D195-55DA-2F4F-8892E7E64E6B}"
EndProject
Project("{FAE04EC0-301F-11D3-BF4B-00C04F79EFBC}") = "UnityEditor.TestRunner", "UnityEditor.TestRunner.csproj", "{38A7FEC2-F33F-B7BB-278D-BD702ED36F9F}"
EndProject
Project("{FAE04EC0-301F-11D3-BF4B-00C04F79EFBC}") = "Unity.VisualScripting.Core", "Unity.VisualScripting.Core.csproj", "{EEE20935-6968-4B9C-1A32-1003AD1EA14E}"
EndProject
Project("{FAE04EC0-301F-11D3-BF4B-00C04F79EFBC}") = "Unity.RenderPipelines.Universal.Runtime", "Unity.RenderPipelines.Universal.Runtime.csproj", "{7F41A224-1D3C-D58B-CF04-AE87CBAD9F0A}"
EndProject
Project("{FAE04EC0-301F-11D3-BF4B-00C04F79EFBC}") = "NavMeshPlus", "NavMeshPlus.csproj", "{B993749A-D22D-915D-E789-67C9FDCDFAE3}"
EndProject
Project("{FAE04EC0-301F-11D3-BF4B-00C04F79EFBC}") = "Unity.VisualScripting.State.Editor", "Unity.VisualScripting.State.Editor.csproj", "{9EDAFDB7-834A-886E-433E-E7429B128A38}"
EndProject
Project("{FAE04EC0-301F-11D3-BF4B-00C04F79EFBC}") = "Unity.Burst.CodeGen", "Unity.Burst.CodeGen.csproj", "{34987116-A422-1214-0945-0B1C3845EB07}"
EndProject
Project("{FAE04EC0-301F-11D3-BF4B-00C04F79EFBC}") = "Unity.Cinemachine", "Unity.Cinemachine.csproj", "{8129BA8D-CBCB-EC19-A68A-EA5875219F9C}"
EndProject
Project("{FAE04EC0-301F-11D3-BF4B-00C04F79EFBC}") = "Unity.VisualScripting.Flow", "Unity.VisualScripting.Flow.csproj", "{F1FAB360-7A82-626D-910A-854A07CB5782}"
EndProject
Project("{FAE04EC0-301F-11D3-BF4B-00C04F79EFBC}") = "Unity.Splines.Editor", "Unity.Splines.Editor.csproj", "{5B0CEAE2-6A3F-B442-9F16-3F1C8956AA04}"
EndProject
Project("{FAE04EC0-301F-11D3-BF4B-00C04F79EFBC}") = "Unity.Splines", "Unity.Splines.csproj", "{70B9FF17-CE6E-CB7A-BCEE-A95BB687BE26}"
EndProject
Project("{FAE04EC0-301F-11D3-BF4B-00C04F79EFBC}") = "Unity.PerformanceTesting", "Unity.PerformanceTesting.csproj", "{D355B5B2-6AFD-263C-B5B7-C849510DC9CC}"
EndProject
Project("{FAE04EC0-301F-11D3-BF4B-00C04F79EFBC}") = "Unity.2D.Tilemap.Extras.Editor", "Unity.2D.Tilemap.Extras.Editor.csproj", "{68D6EF6A-7920-532E-8B72-2939EB9DED65}"
EndProject
Project("{FAE04EC0-301F-11D3-BF4B-00C04F79EFBC}") = "Unity.TextMeshPro", "Unity.TextMeshPro.csproj", "{DC2EE461-0D56-FA00-A851-F5B217E6368D}"
EndProject
Project("{FAE04EC0-301F-11D3-BF4B-00C04F79EFBC}") = "Unity.TextMeshPro.Editor", "Unity.TextMeshPro.Editor.csproj", "{09F097C7-5024-7196-FC34-3CD25595346F}"
EndProject
Project("{FAE04EC0-301F-11D3-BF4B-00C04F79EFBC}") = "Unity.Rendering.LightTransport.Runtime", "Unity.Rendering.LightTransport.Runtime.csproj", "{7F51F7D8-7E9E-EF68-3EE1-32FD4B2726BE}"
EndProject
Project("{FAE04EC0-301F-11D3-BF4B-00C04F79EFBC}") = "PsdPlugin", "PsdPlugin.csproj", "{8129E954-C5DB-FF42-1577-3A24BE1629F8}"
EndProject
Project("{FAE04EC0-301F-11D3-BF4B-00C04F79EFBC}") = "Unity.2D.IK.Editor", "Unity.2D.IK.Editor.csproj", "{14C32428-9D0E-D746-172A-71DF0251DBED}"
EndProject
Project("{FAE04EC0-301F-11D3-BF4B-00C04F79EFBC}") = "Unity.InternalAPIEngineBridge.001", "Unity.InternalAPIEngineBridge.001.csproj", "{2669C753-BE46-C97A-2E93-3D07A684867C}"
EndProject
Project("{FAE04EC0-301F-11D3-BF4B-00C04F79EFBC}") = "Unity.2D.Aseprite.Common", "Unity.2D.Aseprite.Common.csproj", "{0151F086-8AC7-AB6C-3F37-AB496F7ACACA}"
EndProject
Project("{FAE04EC0-301F-11D3-BF4B-00C04F79EFBC}") = "Unity.Burst.Editor", "Unity.Burst.Editor.csproj", "{A0349C9F-5BE7-9780-DA3F-80B8FDBADDE5}"
EndProject
Project("{FAE04EC0-301F-11D3-BF4B-00C04F79EFBC}") = "Unity.2D.Common.Path.Editor", "Unity.2D.Common.Path.Editor.csproj", "{89281B9A-038B-0E77-DB27-E97B70D61272}"
EndProject
Project("{FAE04EC0-301F-11D3-BF4B-00C04F79EFBC}") = "Unity.2D.Common.Editor", "Unity.2D.Common.Editor.csproj", "{4610E817-68DE-FAE4-E967-E3494F6583A1}"
EndProject
Project("{FAE04EC0-301F-11D3-BF4B-00C04F79EFBC}") = "Unity.Rider.Editor", "Unity.Rider.Editor.csproj", "{74F8FCB1-4718-3966-22EF-08BDB25941CE}"
EndProject
Project("{FAE04EC0-301F-11D3-BF4B-00C04F79EFBC}") = "Unity.Cursor.Editor", "Unity.Cursor.Editor.csproj", "{0ECA3B69-7DB6-322D-7D51-59BC47435A50}"
EndProject
Project("{FAE04EC0-301F-11D3-BF4B-00C04F79EFBC}") = "Unity.VisualScripting.State", "Unity.VisualScripting.State.csproj", "{40243313-50E1-A701-B36F-14D2BC223DA1}"
EndProject
Project("{FAE04EC0-301F-11D3-BF4B-00C04F79EFBC}") = "Assembly-CSharp", "Assembly-CSharp.csproj", "{C3C8EF0E-6954-E385-30E8-083F5335DE12}"
EndProject
Project("{FAE04EC0-301F-11D3-BF4B-00C04F79EFBC}") = "Unity.InternalAPIEditorBridge.001", "Unity.InternalAPIEditorBridge.001.csproj", "{B6ABD1ED-67BA-BDA5-3DF9-6AEB481ABA7E}"
EndProject
Project("{FAE04EC0-301F-11D3-BF4B-00C04F79EFBC}") = "UnityEditor.UI", "UnityEditor.UI.csproj", "{F629B9C7-1CB8-DFE7-58A3-DE1E5DDD1D7F}"
EndProject
Project("{FAE04EC0-301F-11D3-BF4B-00C04F79EFBC}") = "Unity.2D.PixelPerfect.Editor", "Unity.2D.PixelPerfect.Editor.csproj", "{65F49A7E-C743-2395-B32A-845BDDD7A6FD}"
EndProject
Project("{FAE04EC0-301F-11D3-BF4B-00C04F79EFBC}") = "Unity.2D.Sprite.Editor", "Unity.2D.Sprite.Editor.csproj", "{D8EDF926-3EF2-0A9F-A65C-9ACE5D492660}"
EndProject
Project("{FAE04EC0-301F-11D3-BF4B-00C04F79EFBC}") = "Unity.Multiplayer.Center.Common", "Unity.Multiplayer.Center.Common.csproj", "{1BFC0C8A-3634-2F9B-07CC-0C3DE22FCB57}"
EndProject
Project("{FAE04EC0-301F-11D3-BF4B-00C04F79EFBC}") = "Unity.InputSystem.ForUI", "Unity.InputSystem.ForUI.csproj", "{C87F3E9E-94B9-55D1-279C-666FC6F62434}"
EndProject
Project("{FAE04EC0-301F-11D3-BF4B-00C04F79EFBC}") = "Unity.Collections.CodeGen", "Unity.Collections.CodeGen.csproj", "{FD451211-C06E-8834-1783-C402941CFD4B}"
EndProject
Project("{FAE04EC0-301F-11D3-BF4B-00C04F79EFBC}") = "Unity.2D.Tilemap.Extras", "Unity.2D.Tilemap.Extras.csproj", "{64C5D182-37E0-2825-F03C-2C33EAA916F2}"
EndProject
Project("{FAE04EC0-301F-11D3-BF4B-00C04F79EFBC}") = "Unity.2D.Animation.Runtime", "Unity.2D.Animation.Runtime.csproj", "{EB280240-A1EC-E336-5DB6-3760D8747652}"
EndProject
Project("{FAE04EC0-301F-11D3-BF4B-00C04F79EFBC}") = "Unity.Mathematics.Editor", "Unity.Mathematics.Editor.csproj", "{D90FB0FB-7F66-CAAD-32B5-E97CBCBB8382}"
EndProject
Project("{FAE04EC0-301F-11D3-BF4B-00C04F79EFBC}") = "Unity.VisualScripting.SettingsProvider.Editor", "Unity.VisualScripting.SettingsProvider.Editor.csproj", "{A35CC3A7-A00A-F0BF-D340-679D1C85B245}"
EndProject
Project("{FAE04EC0-301F-11D3-BF4B-00C04F79EFBC}") = "Unity.Settings.Editor", "Unity.Settings.Editor.csproj", "{2F3C1B0B-1261-0A59-2537-DE83EEAE345B}"
EndProject
Project("{FAE04EC0-301F-11D3-BF4B-00C04F79EFBC}") = "Unity.InputSystem.TestFramework", "Unity.InputSystem.TestFramework.csproj", "{E286521E-B05E-3C3D-FEF7-E1CD160CCFF5}"
EndProject
Project("{FAE04EC0-301F-11D3-BF4B-00C04F79EFBC}") = "Unity.ShaderGraph.Utilities", "Unity.ShaderGraph.Utilities.csproj", "{DF2F59FE-A158-F165-C15E-E2D6A36CAB8D}"
EndProject
Project("{FAE04EC0-301F-11D3-BF4B-00C04F79EFBC}") = "Unity.VisualScripting.Shared.Editor", "Unity.VisualScripting.Shared.Editor.csproj", "{2B061954-0459-97F7-E049-5A20E44D1022}"
EndProject
Project("{FAE04EC0-301F-11D3-BF4B-00C04F79EFBC}") = "Unity.RenderPipeline.Universal.ShaderLibrary", "Unity.RenderPipeline.Universal.ShaderLibrary.csproj", "{95932E30-F061-836D-7978-1D42EC11E7B1}"
EndProject
Project("{FAE04EC0-301F-11D3-BF4B-00C04F79EFBC}") = "Unity.2D.Common.Runtime", "Unity.2D.Common.Runtime.csproj", "{36FC9D46-ECAA-D61E-6217-D928DF647BC3}"
EndProject
Project("{FAE04EC0-301F-11D3-BF4B-00C04F79EFBC}") = "Unity.2D.PixelPerfect", "Unity.2D.PixelPerfect.csproj", "{BE294528-1B43-2561-904A-C5C0BBE23CD6}"
EndProject
Project("{FAE04EC0-301F-11D3-BF4B-00C04F79EFBC}") = "Unity.CollabProxy.Editor", "Unity.CollabProxy.Editor.csproj", "{72565F66-76E2-FD8B-69D1-A1CABFB98932}"
EndProject
Project("{FAE04EC0-301F-11D3-BF4B-00C04F79EFBC}") = "Unity.Rendering.LightTransport.Editor", "Unity.Rendering.LightTransport.Editor.csproj", "{6CEE31B4-C263-DE4A-2BCE-E210E2812B65}"
EndProject
Project("{FAE04EC0-301F-11D3-BF4B-00C04F79EFBC}") = "Unity.RenderPipelines.Universal.Shaders", "Unity.RenderPipelines.Universal.Shaders.csproj", "{923758B9-B0C8-B849-2FFE-06C7A2669C41}"
EndProject
Project("{FAE04EC0-301F-11D3-BF4B-00C04F79EFBC}") = "Unity.RenderPipelines.Core.Runtime.Shared", "Unity.RenderPipelines.Core.Runtime.Shared.csproj", "{A12CB31A-EC0B-11E3-E9A7-286AF770A50D}"
EndProject
Project("{FAE04EC0-301F-11D3-BF4B-00C04F79EFBC}") = "ScriptablePacker", "ScriptablePacker.csproj", "{E4980723-167B-AF1B-6426-AB24867EF322}"
EndProject
Project("{FAE04EC0-301F-11D3-BF4B-00C04F79EFBC}") = "Unity.Collections.Editor", "Unity.Collections.Editor.csproj", "{AFE28ECB-D52C-FDAD-5817-53CD852284D9}"
EndProject
Project("{FAE04EC0-301F-11D3-BF4B-00C04F79EFBC}") = "Unity.RenderPipelines.Universal.Config.Runtime", "Unity.RenderPipelines.Universal.Config.Runtime.csproj", "{35F8DCA5-F929-1807-E8AF-BBE5EB227D92}"
EndProject
Project("{FAE04EC0-301F-11D3-BF4B-00C04F79EFBC}") = "Unity.RenderPipelines.ShaderGraph.ShaderGraphLibrary", "Unity.RenderPipelines.ShaderGraph.ShaderGraphLibrary.csproj", "{547CF01F-68F1-C359-7995-81F346BE05F1}"
EndProject
Project("{FAE04EC0-301F-11D3-BF4B-00C04F79EFBC}") = "Unity.RenderPipelines.Core.ShaderLibrary", "Unity.RenderPipelines.Core.ShaderLibrary.csproj", "{1911D633-AA5D-2013-4CB7-10E01546E3D2}"
EndProject
Project("{FAE04EC0-301F-11D3-BF4B-00C04F79EFBC}") = "Unity.RenderPipelines.Core.Editor.Shared", "Unity.RenderPipelines.Core.Editor.Shared.csproj", "{E865DB27-423F-B7F9-C0C8-9361A5610152}"
EndProject
Global
	GlobalSection(SolutionConfigurationPlatforms) = preSolution
		Debug|Any CPU = Debug|Any CPU
		Release|Any CPU = Release|Any CPU
	EndGlobalSection
	GlobalSection(ProjectConfigurationPlatforms) = postSolution
		{14801162-EA7F-6326-FC54-98497660E16A}.Debug|Any CPU.ActiveCfg = Debug|Any CPU
		{14801162-EA7F-6326-FC54-98497660E16A}.Debug|Any CPU.Build.0 = Debug|Any CPU
		{14801162-EA7F-6326-FC54-98497660E16A}.Release|Any CPU.ActiveCfg = Release|Any CPU
		{14801162-EA7F-6326-FC54-98497660E16A}.Release|Any CPU.Build.0 = Release|Any CPU
		{22DCA9F1-C498-2518-B3DE-87A000E88D2E}.Debug|Any CPU.ActiveCfg = Debug|Any CPU
		{22DCA9F1-C498-2518-B3DE-87A000E88D2E}.Debug|Any CPU.Build.0 = Debug|Any CPU
		{22DCA9F1-C498-2518-B3DE-87A000E88D2E}.Release|Any CPU.ActiveCfg = Release|Any CPU
		{22DCA9F1-C498-2518-B3DE-87A000E88D2E}.Release|Any CPU.Build.0 = Release|Any CPU
		{35066B76-6C0E-87D7-1ED5-E112F0479E18}.Debug|Any CPU.ActiveCfg = Debug|Any CPU
		{35066B76-6C0E-87D7-1ED5-E112F0479E18}.Debug|Any CPU.Build.0 = Debug|Any CPU
		{35066B76-6C0E-87D7-1ED5-E112F0479E18}.Release|Any CPU.ActiveCfg = Release|Any CPU
		{35066B76-6C0E-87D7-1ED5-E112F0479E18}.Release|Any CPU.Build.0 = Release|Any CPU
		{F399AA54-CA0F-AA2B-AEDD-1540E30F2802}.Debug|Any CPU.ActiveCfg = Debug|Any CPU
		{F399AA54-CA0F-AA2B-AEDD-1540E30F2802}.Debug|Any CPU.Build.0 = Debug|Any CPU
		{F399AA54-CA0F-AA2B-AEDD-1540E30F2802}.Release|Any CPU.ActiveCfg = Release|Any CPU
		{F399AA54-CA0F-AA2B-AEDD-1540E30F2802}.Release|Any CPU.Build.0 = Release|Any CPU
		{26C0FB63-E135-32A2-6E21-0B4452A4EE0E}.Debug|Any CPU.ActiveCfg = Debug|Any CPU
		{26C0FB63-E135-32A2-6E21-0B4452A4EE0E}.Debug|Any CPU.Build.0 = Debug|Any CPU
		{26C0FB63-E135-32A2-6E21-0B4452A4EE0E}.Release|Any CPU.ActiveCfg = Release|Any CPU
		{26C0FB63-E135-32A2-6E21-0B4452A4EE0E}.Release|Any CPU.Build.0 = Release|Any CPU
		{615E1164-6C52-6DC8-B07F-B06EF483E44D}.Debug|Any CPU.ActiveCfg = Debug|Any CPU
		{615E1164-6C52-6DC8-B07F-B06EF483E44D}.Debug|Any CPU.Build.0 = Debug|Any CPU
		{615E1164-6C52-6DC8-B07F-B06EF483E44D}.Release|Any CPU.ActiveCfg = Release|Any CPU
		{615E1164-6C52-6DC8-B07F-B06EF483E44D}.Release|Any CPU.Build.0 = Release|Any CPU
		{1245F2C2-F41B-E2AE-5DC0-1BEF509235F3}.Debug|Any CPU.ActiveCfg = Debug|Any CPU
		{1245F2C2-F41B-E2AE-5DC0-1BEF509235F3}.Debug|Any CPU.Build.0 = Debug|Any CPU
		{1245F2C2-F41B-E2AE-5DC0-1BEF509235F3}.Release|Any CPU.ActiveCfg = Release|Any CPU
		{1245F2C2-F41B-E2AE-5DC0-1BEF509235F3}.Release|Any CPU.Build.0 = Release|Any CPU
		{F37826EE-3C0C-1889-406B-AEB41D0573DC}.Debug|Any CPU.ActiveCfg = Debug|Any CPU
		{F37826EE-3C0C-1889-406B-AEB41D0573DC}.Debug|Any CPU.Build.0 = Debug|Any CPU
		{F37826EE-3C0C-1889-406B-AEB41D0573DC}.Release|Any CPU.ActiveCfg = Release|Any CPU
		{F37826EE-3C0C-1889-406B-AEB41D0573DC}.Release|Any CPU.Build.0 = Release|Any CPU
		{3307308B-76CE-DAE1-104C-27B7591C651A}.Debug|Any CPU.ActiveCfg = Debug|Any CPU
		{3307308B-76CE-DAE1-104C-27B7591C651A}.Debug|Any CPU.Build.0 = Debug|Any CPU
		{3307308B-76CE-DAE1-104C-27B7591C651A}.Release|Any CPU.ActiveCfg = Release|Any CPU
		{3307308B-76CE-DAE1-104C-27B7591C651A}.Release|Any CPU.Build.0 = Release|Any CPU
		{CCB30317-A893-9740-49C8-C27EA335B6B9}.Debug|Any CPU.ActiveCfg = Debug|Any CPU
		{CCB30317-A893-9740-49C8-C27EA335B6B9}.Debug|Any CPU.Build.0 = Debug|Any CPU
		{CCB30317-A893-9740-49C8-C27EA335B6B9}.Release|Any CPU.ActiveCfg = Release|Any CPU
		{CCB30317-A893-9740-49C8-C27EA335B6B9}.Release|Any CPU.Build.0 = Release|Any CPU
		{6969D479-5FC5-7BF6-B525-B61DD512811A}.Debug|Any CPU.ActiveCfg = Debug|Any CPU
		{6969D479-5FC5-7BF6-B525-B61DD512811A}.Debug|Any CPU.Build.0 = Debug|Any CPU
		{6969D479-5FC5-7BF6-B525-B61DD512811A}.Release|Any CPU.ActiveCfg = Release|Any CPU
		{6969D479-5FC5-7BF6-B525-B61DD512811A}.Release|Any CPU.Build.0 = Release|Any CPU
		{FB7E238E-25E7-5588-F1B0-35AFFD1DD5CE}.Debug|Any CPU.ActiveCfg = Debug|Any CPU
		{FB7E238E-25E7-5588-F1B0-35AFFD1DD5CE}.Debug|Any CPU.Build.0 = Debug|Any CPU
		{FB7E238E-25E7-5588-F1B0-35AFFD1DD5CE}.Release|Any CPU.ActiveCfg = Release|Any CPU
		{FB7E238E-25E7-5588-F1B0-35AFFD1DD5CE}.Release|Any CPU.Build.0 = Release|Any CPU
		{097B25C0-6275-E344-E74E-1945F387C356}.Debug|Any CPU.ActiveCfg = Debug|Any CPU
		{097B25C0-6275-E344-E74E-1945F387C356}.Debug|Any CPU.Build.0 = Debug|Any CPU
		{097B25C0-6275-E344-E74E-1945F387C356}.Release|Any CPU.ActiveCfg = Release|Any CPU
		{097B25C0-6275-E344-E74E-1945F387C356}.Release|Any CPU.Build.0 = Release|Any CPU
		{85911836-8E77-342D-6BA4-8DB66BFD805F}.Debug|Any CPU.ActiveCfg = Debug|Any CPU
		{85911836-8E77-342D-6BA4-8DB66BFD805F}.Debug|Any CPU.Build.0 = Debug|Any CPU
		{85911836-8E77-342D-6BA4-8DB66BFD805F}.Release|Any CPU.ActiveCfg = Release|Any CPU
		{85911836-8E77-342D-6BA4-8DB66BFD805F}.Release|Any CPU.Build.0 = Release|Any CPU
		{A6AFB1EA-B3FC-3D0C-1892-F7380C582F9A}.Debug|Any CPU.ActiveCfg = Debug|Any CPU
		{A6AFB1EA-B3FC-3D0C-1892-F7380C582F9A}.Debug|Any CPU.Build.0 = Debug|Any CPU
		{A6AFB1EA-B3FC-3D0C-1892-F7380C582F9A}.Release|Any CPU.ActiveCfg = Release|Any CPU
		{A6AFB1EA-B3FC-3D0C-1892-F7380C582F9A}.Release|Any CPU.Build.0 = Release|Any CPU
		{73E0BDF7-383D-9F8B-7189-8D99AE8CDA05}.Debug|Any CPU.ActiveCfg = Debug|Any CPU
		{73E0BDF7-383D-9F8B-7189-8D99AE8CDA05}.Debug|Any CPU.Build.0 = Debug|Any CPU
		{73E0BDF7-383D-9F8B-7189-8D99AE8CDA05}.Release|Any CPU.ActiveCfg = Release|Any CPU
		{73E0BDF7-383D-9F8B-7189-8D99AE8CDA05}.Release|Any CPU.Build.0 = Release|Any CPU
		{47DE9F93-C3D7-F625-BE2D-142574973B84}.Debug|Any CPU.ActiveCfg = Debug|Any CPU
		{47DE9F93-C3D7-F625-BE2D-142574973B84}.Debug|Any CPU.Build.0 = Debug|Any CPU
		{47DE9F93-C3D7-F625-BE2D-142574973B84}.Release|Any CPU.ActiveCfg = Release|Any CPU
		{47DE9F93-C3D7-F625-BE2D-142574973B84}.Release|Any CPU.Build.0 = Release|Any CPU
		{1066E19F-F908-2F98-0770-3C303910D926}.Debug|Any CPU.ActiveCfg = Debug|Any CPU
		{1066E19F-F908-2F98-0770-3C303910D926}.Debug|Any CPU.Build.0 = Debug|Any CPU
		{1066E19F-F908-2F98-0770-3C303910D926}.Release|Any CPU.ActiveCfg = Release|Any CPU
		{1066E19F-F908-2F98-0770-3C303910D926}.Release|Any CPU.Build.0 = Release|Any CPU
		{32064518-CCE9-0801-4A55-B4D1A0068EB4}.Debug|Any CPU.ActiveCfg = Debug|Any CPU
		{32064518-CCE9-0801-4A55-B4D1A0068EB4}.Debug|Any CPU.Build.0 = Debug|Any CPU
		{32064518-CCE9-0801-4A55-B4D1A0068EB4}.Release|Any CPU.ActiveCfg = Release|Any CPU
		{32064518-CCE9-0801-4A55-B4D1A0068EB4}.Release|Any CPU.Build.0 = Release|Any CPU
		{BA6BC7FE-6A27-6EF1-8EDC-AD4EBFF5A984}.Debug|Any CPU.ActiveCfg = Debug|Any CPU
		{BA6BC7FE-6A27-6EF1-8EDC-AD4EBFF5A984}.Debug|Any CPU.Build.0 = Debug|Any CPU
		{BA6BC7FE-6A27-6EF1-8EDC-AD4EBFF5A984}.Release|Any CPU.ActiveCfg = Release|Any CPU
		{BA6BC7FE-6A27-6EF1-8EDC-AD4EBFF5A984}.Release|Any CPU.Build.0 = Release|Any CPU
		{4D1BAF49-3B96-02FF-8EF9-7450912FB534}.Debug|Any CPU.ActiveCfg = Debug|Any CPU
		{4D1BAF49-3B96-02FF-8EF9-7450912FB534}.Debug|Any CPU.Build.0 = Debug|Any CPU
		{4D1BAF49-3B96-02FF-8EF9-7450912FB534}.Release|Any CPU.ActiveCfg = Release|Any CPU
		{4D1BAF49-3B96-02FF-8EF9-7450912FB534}.Release|Any CPU.Build.0 = Release|Any CPU
		{032F2AE4-4AC8-752F-99EA-CEE883D2C361}.Debug|Any CPU.ActiveCfg = Debug|Any CPU
		{032F2AE4-4AC8-752F-99EA-CEE883D2C361}.Debug|Any CPU.Build.0 = Debug|Any CPU
		{032F2AE4-4AC8-752F-99EA-CEE883D2C361}.Release|Any CPU.ActiveCfg = Release|Any CPU
		{032F2AE4-4AC8-752F-99EA-CEE883D2C361}.Release|Any CPU.Build.0 = Release|Any CPU
		{21794D85-3B27-BBC1-7BAB-714C7504FFEB}.Debug|Any CPU.ActiveCfg = Debug|Any CPU
		{21794D85-3B27-BBC1-7BAB-714C7504FFEB}.Debug|Any CPU.Build.0 = Debug|Any CPU
		{21794D85-3B27-BBC1-7BAB-714C7504FFEB}.Release|Any CPU.ActiveCfg = Release|Any CPU
		{21794D85-3B27-BBC1-7BAB-714C7504FFEB}.Release|Any CPU.Build.0 = Release|Any CPU
		{A41C36EB-9070-2D14-DD65-8850C0F09B8D}.Debug|Any CPU.ActiveCfg = Debug|Any CPU
		{A41C36EB-9070-2D14-DD65-8850C0F09B8D}.Debug|Any CPU.Build.0 = Debug|Any CPU
		{A41C36EB-9070-2D14-DD65-8850C0F09B8D}.Release|Any CPU.ActiveCfg = Release|Any CPU
		{A41C36EB-9070-2D14-DD65-8850C0F09B8D}.Release|Any CPU.Build.0 = Release|Any CPU
		{59557624-B46F-44CC-6F73-BD785AAA3714}.Debug|Any CPU.ActiveCfg = Debug|Any CPU
		{59557624-B46F-44CC-6F73-BD785AAA3714}.Debug|Any CPU.Build.0 = Debug|Any CPU
		{59557624-B46F-44CC-6F73-BD785AAA3714}.Release|Any CPU.ActiveCfg = Release|Any CPU
		{59557624-B46F-44CC-6F73-BD785AAA3714}.Release|Any CPU.Build.0 = Release|Any CPU
		{644BE92A-BD82-F9BE-47F6-B5673C233A1D}.Debug|Any CPU.ActiveCfg = Debug|Any CPU
		{644BE92A-BD82-F9BE-47F6-B5673C233A1D}.Debug|Any CPU.Build.0 = Debug|Any CPU
		{644BE92A-BD82-F9BE-47F6-B5673C233A1D}.Release|Any CPU.ActiveCfg = Release|Any CPU
		{644BE92A-BD82-F9BE-47F6-B5673C233A1D}.Release|Any CPU.Build.0 = Release|Any CPU
		{5AF6BD0D-A031-14FC-17A1-D53F53549ED3}.Debug|Any CPU.ActiveCfg = Debug|Any CPU
		{5AF6BD0D-A031-14FC-17A1-D53F53549ED3}.Debug|Any CPU.Build.0 = Debug|Any CPU
		{5AF6BD0D-A031-14FC-17A1-D53F53549ED3}.Release|Any CPU.ActiveCfg = Release|Any CPU
		{5AF6BD0D-A031-14FC-17A1-D53F53549ED3}.Release|Any CPU.Build.0 = Release|Any CPU
		{838D7682-2BA0-1C48-041C-8196AB707FB5}.Debug|Any CPU.ActiveCfg = Debug|Any CPU
		{838D7682-2BA0-1C48-041C-8196AB707FB5}.Debug|Any CPU.Build.0 = Debug|Any CPU
		{838D7682-2BA0-1C48-041C-8196AB707FB5}.Release|Any CPU.ActiveCfg = Release|Any CPU
		{838D7682-2BA0-1C48-041C-8196AB707FB5}.Release|Any CPU.Build.0 = Release|Any CPU
		{2C154C35-F0AB-6835-C5AD-718D72297BF7}.Debug|Any CPU.ActiveCfg = Debug|Any CPU
		{2C154C35-F0AB-6835-C5AD-718D72297BF7}.Debug|Any CPU.Build.0 = Debug|Any CPU
		{2C154C35-F0AB-6835-C5AD-718D72297BF7}.Release|Any CPU.ActiveCfg = Release|Any CPU
		{2C154C35-F0AB-6835-C5AD-718D72297BF7}.Release|Any CPU.Build.0 = Release|Any CPU
		{EDF97CD3-70F3-44EF-D3E9-71B0D3EC337E}.Debug|Any CPU.ActiveCfg = Debug|Any CPU
		{EDF97CD3-70F3-44EF-D3E9-71B0D3EC337E}.Debug|Any CPU.Build.0 = Debug|Any CPU
		{EDF97CD3-70F3-44EF-D3E9-71B0D3EC337E}.Release|Any CPU.ActiveCfg = Release|Any CPU
		{EDF97CD3-70F3-44EF-D3E9-71B0D3EC337E}.Release|Any CPU.Build.0 = Release|Any CPU
		{72E48400-D195-55DA-2F4F-8892E7E64E6B}.Debug|Any CPU.ActiveCfg = Debug|Any CPU
		{72E48400-D195-55DA-2F4F-8892E7E64E6B}.Debug|Any CPU.Build.0 = Debug|Any CPU
		{72E48400-D195-55DA-2F4F-8892E7E64E6B}.Release|Any CPU.ActiveCfg = Release|Any CPU
		{72E48400-D195-55DA-2F4F-8892E7E64E6B}.Release|Any CPU.Build.0 = Release|Any CPU
		{38A7FEC2-F33F-B7BB-278D-BD702ED36F9F}.Debug|Any CPU.ActiveCfg = Debug|Any CPU
		{38A7FEC2-F33F-B7BB-278D-BD702ED36F9F}.Debug|Any CPU.Build.0 = Debug|Any CPU
		{38A7FEC2-F33F-B7BB-278D-BD702ED36F9F}.Release|Any CPU.ActiveCfg = Release|Any CPU
		{38A7FEC2-F33F-B7BB-278D-BD702ED36F9F}.Release|Any CPU.Build.0 = Release|Any CPU
		{EEE20935-6968-4B9C-1A32-1003AD1EA14E}.Debug|Any CPU.ActiveCfg = Debug|Any CPU
		{EEE20935-6968-4B9C-1A32-1003AD1EA14E}.Debug|Any CPU.Build.0 = Debug|Any CPU
		{EEE20935-6968-4B9C-1A32-1003AD1EA14E}.Release|Any CPU.ActiveCfg = Release|Any CPU
		{EEE20935-6968-4B9C-1A32-1003AD1EA14E}.Release|Any CPU.Build.0 = Release|Any CPU
		{7F41A224-1D3C-D58B-CF04-AE87CBAD9F0A}.Debug|Any CPU.ActiveCfg = Debug|Any CPU
		{7F41A224-1D3C-D58B-CF04-AE87CBAD9F0A}.Debug|Any CPU.Build.0 = Debug|Any CPU
		{7F41A224-1D3C-D58B-CF04-AE87CBAD9F0A}.Release|Any CPU.ActiveCfg = Release|Any CPU
		{7F41A224-1D3C-D58B-CF04-AE87CBAD9F0A}.Release|Any CPU.Build.0 = Release|Any CPU
		{B993749A-D22D-915D-E789-67C9FDCDFAE3}.Debug|Any CPU.ActiveCfg = Debug|Any CPU
		{B993749A-D22D-915D-E789-67C9FDCDFAE3}.Debug|Any CPU.Build.0 = Debug|Any CPU
		{B993749A-D22D-915D-E789-67C9FDCDFAE3}.Release|Any CPU.ActiveCfg = Release|Any CPU
		{B993749A-D22D-915D-E789-67C9FDCDFAE3}.Release|Any CPU.Build.0 = Release|Any CPU
		{9EDAFDB7-834A-886E-433E-E7429B128A38}.Debug|Any CPU.ActiveCfg = Debug|Any CPU
		{9EDAFDB7-834A-886E-433E-E7429B128A38}.Debug|Any CPU.Build.0 = Debug|Any CPU
		{9EDAFDB7-834A-886E-433E-E7429B128A38}.Release|Any CPU.ActiveCfg = Release|Any CPU
		{9EDAFDB7-834A-886E-433E-E7429B128A38}.Release|Any CPU.Build.0 = Release|Any CPU
		{34987116-A422-1214-0945-0B1C3845EB07}.Debug|Any CPU.ActiveCfg = Debug|Any CPU
		{34987116-A422-1214-0945-0B1C3845EB07}.Debug|Any CPU.Build.0 = Debug|Any CPU
		{34987116-A422-1214-0945-0B1C3845EB07}.Release|Any CPU.ActiveCfg = Release|Any CPU
		{34987116-A422-1214-0945-0B1C3845EB07}.Release|Any CPU.Build.0 = Release|Any CPU
		{8129BA8D-CBCB-EC19-A68A-EA5875219F9C}.Debug|Any CPU.ActiveCfg = Debug|Any CPU
		{8129BA8D-CBCB-EC19-A68A-EA5875219F9C}.Debug|Any CPU.Build.0 = Debug|Any CPU
		{8129BA8D-CBCB-EC19-A68A-EA5875219F9C}.Release|Any CPU.ActiveCfg = Release|Any CPU
		{8129BA8D-CBCB-EC19-A68A-EA5875219F9C}.Release|Any CPU.Build.0 = Release|Any CPU
		{F1FAB360-7A82-626D-910A-854A07CB5782}.Debug|Any CPU.ActiveCfg = Debug|Any CPU
		{F1FAB360-7A82-626D-910A-854A07CB5782}.Debug|Any CPU.Build.0 = Debug|Any CPU
		{F1FAB360-7A82-626D-910A-854A07CB5782}.Release|Any CPU.ActiveCfg = Release|Any CPU
		{F1FAB360-7A82-626D-910A-854A07CB5782}.Release|Any CPU.Build.0 = Release|Any CPU
		{5B0CEAE2-6A3F-B442-9F16-3F1C8956AA04}.Debug|Any CPU.ActiveCfg = Debug|Any CPU
		{5B0CEAE2-6A3F-B442-9F16-3F1C8956AA04}.Debug|Any CPU.Build.0 = Debug|Any CPU
		{5B0CEAE2-6A3F-B442-9F16-3F1C8956AA04}.Release|Any CPU.ActiveCfg = Release|Any CPU
		{5B0CEAE2-6A3F-B442-9F16-3F1C8956AA04}.Release|Any CPU.Build.0 = Release|Any CPU
		{70B9FF17-CE6E-CB7A-BCEE-A95BB687BE26}.Debug|Any CPU.ActiveCfg = Debug|Any CPU
		{70B9FF17-CE6E-CB7A-BCEE-A95BB687BE26}.Debug|Any CPU.Build.0 = Debug|Any CPU
		{70B9FF17-CE6E-CB7A-BCEE-A95BB687BE26}.Release|Any CPU.ActiveCfg = Release|Any CPU
		{70B9FF17-CE6E-CB7A-BCEE-A95BB687BE26}.Release|Any CPU.Build.0 = Release|Any CPU
		{D355B5B2-6AFD-263C-B5B7-C849510DC9CC}.Debug|Any CPU.ActiveCfg = Debug|Any CPU
		{D355B5B2-6AFD-263C-B5B7-C849510DC9CC}.Debug|Any CPU.Build.0 = Debug|Any CPU
		{D355B5B2-6AFD-263C-B5B7-C849510DC9CC}.Release|Any CPU.ActiveCfg = Release|Any CPU
		{D355B5B2-6AFD-263C-B5B7-C849510DC9CC}.Release|Any CPU.Build.0 = Release|Any CPU
		{68D6EF6A-7920-532E-8B72-2939EB9DED65}.Debug|Any CPU.ActiveCfg = Debug|Any CPU
		{68D6EF6A-7920-532E-8B72-2939EB9DED65}.Debug|Any CPU.Build.0 = Debug|Any CPU
		{68D6EF6A-7920-532E-8B72-2939EB9DED65}.Release|Any CPU.ActiveCfg = Release|Any CPU
		{68D6EF6A-7920-532E-8B72-2939EB9DED65}.Release|Any CPU.Build.0 = Release|Any CPU
		{DC2EE461-0D56-FA00-A851-F5B217E6368D}.Debug|Any CPU.ActiveCfg = Debug|Any CPU
		{DC2EE461-0D56-FA00-A851-F5B217E6368D}.Debug|Any CPU.Build.0 = Debug|Any CPU
		{DC2EE461-0D56-FA00-A851-F5B217E6368D}.Release|Any CPU.ActiveCfg = Release|Any CPU
		{DC2EE461-0D56-FA00-A851-F5B217E6368D}.Release|Any CPU.Build.0 = Release|Any CPU
		{09F097C7-5024-7196-FC34-3CD25595346F}.Debug|Any CPU.ActiveCfg = Debug|Any CPU
		{09F097C7-5024-7196-FC34-3CD25595346F}.Debug|Any CPU.Build.0 = Debug|Any CPU
		{09F097C7-5024-7196-FC34-3CD25595346F}.Release|Any CPU.ActiveCfg = Release|Any CPU
		{09F097C7-5024-7196-FC34-3CD25595346F}.Release|Any CPU.Build.0 = Release|Any CPU
		{7F51F7D8-7E9E-EF68-3EE1-32FD4B2726BE}.Debug|Any CPU.ActiveCfg = Debug|Any CPU
		{7F51F7D8-7E9E-EF68-3EE1-32FD4B2726BE}.Debug|Any CPU.Build.0 = Debug|Any CPU
		{7F51F7D8-7E9E-EF68-3EE1-32FD4B2726BE}.Release|Any CPU.ActiveCfg = Release|Any CPU
		{7F51F7D8-7E9E-EF68-3EE1-32FD4B2726BE}.Release|Any CPU.Build.0 = Release|Any CPU
		{8129E954-C5DB-FF42-1577-3A24BE1629F8}.Debug|Any CPU.ActiveCfg = Debug|Any CPU
		{8129E954-C5DB-FF42-1577-3A24BE1629F8}.Debug|Any CPU.Build.0 = Debug|Any CPU
		{8129E954-C5DB-FF42-1577-3A24BE1629F8}.Release|Any CPU.ActiveCfg = Release|Any CPU
		{8129E954-C5DB-FF42-1577-3A24BE1629F8}.Release|Any CPU.Build.0 = Release|Any CPU
		{14C32428-9D0E-D746-172A-71DF0251DBED}.Debug|Any CPU.ActiveCfg = Debug|Any CPU
		{14C32428-9D0E-D746-172A-71DF0251DBED}.Debug|Any CPU.Build.0 = Debug|Any CPU
		{14C32428-9D0E-D746-172A-71DF0251DBED}.Release|Any CPU.ActiveCfg = Release|Any CPU
		{14C32428-9D0E-D746-172A-71DF0251DBED}.Release|Any CPU.Build.0 = Release|Any CPU
		{2669C753-BE46-C97A-2E93-3D07A684867C}.Debug|Any CPU.ActiveCfg = Debug|Any CPU
		{2669C753-BE46-C97A-2E93-3D07A684867C}.Debug|Any CPU.Build.0 = Debug|Any CPU
		{2669C753-BE46-C97A-2E93-3D07A684867C}.Release|Any CPU.ActiveCfg = Release|Any CPU
		{2669C753-BE46-C97A-2E93-3D07A684867C}.Release|Any CPU.Build.0 = Release|Any CPU
		{0151F086-8AC7-AB6C-3F37-AB496F7ACACA}.Debug|Any CPU.ActiveCfg = Debug|Any CPU
		{0151F086-8AC7-AB6C-3F37-AB496F7ACACA}.Debug|Any CPU.Build.0 = Debug|Any CPU
		{0151F086-8AC7-AB6C-3F37-AB496F7ACACA}.Release|Any CPU.ActiveCfg = Release|Any CPU
		{0151F086-8AC7-AB6C-3F37-AB496F7ACACA}.Release|Any CPU.Build.0 = Release|Any CPU
		{A0349C9F-5BE7-9780-DA3F-80B8FDBADDE5}.Debug|Any CPU.ActiveCfg = Debug|Any CPU
		{A0349C9F-5BE7-9780-DA3F-80B8FDBADDE5}.Debug|Any CPU.Build.0 = Debug|Any CPU
		{A0349C9F-5BE7-9780-DA3F-80B8FDBADDE5}.Release|Any CPU.ActiveCfg = Release|Any CPU
		{A0349C9F-5BE7-9780-DA3F-80B8FDBADDE5}.Release|Any CPU.Build.0 = Release|Any CPU
		{89281B9A-038B-0E77-DB27-E97B70D61272}.Debug|Any CPU.ActiveCfg = Debug|Any CPU
		{89281B9A-038B-0E77-DB27-E97B70D61272}.Debug|Any CPU.Build.0 = Debug|Any CPU
		{89281B9A-038B-0E77-DB27-E97B70D61272}.Release|Any CPU.ActiveCfg = Release|Any CPU
		{89281B9A-038B-0E77-DB27-E97B70D61272}.Release|Any CPU.Build.0 = Release|Any CPU
		{4610E817-68DE-FAE4-E967-E3494F6583A1}.Debug|Any CPU.ActiveCfg = Debug|Any CPU
		{4610E817-68DE-FAE4-E967-E3494F6583A1}.Debug|Any CPU.Build.0 = Debug|Any CPU
		{4610E817-68DE-FAE4-E967-E3494F6583A1}.Release|Any CPU.ActiveCfg = Release|Any CPU
		{4610E817-68DE-FAE4-E967-E3494F6583A1}.Release|Any CPU.Build.0 = Release|Any CPU
		{74F8FCB1-4718-3966-22EF-08BDB25941CE}.Debug|Any CPU.ActiveCfg = Debug|Any CPU
		{74F8FCB1-4718-3966-22EF-08BDB25941CE}.Debug|Any CPU.Build.0 = Debug|Any CPU
		{74F8FCB1-4718-3966-22EF-08BDB25941CE}.Release|Any CPU.ActiveCfg = Release|Any CPU
		{74F8FCB1-4718-3966-22EF-08BDB25941CE}.Release|Any CPU.Build.0 = Release|Any CPU
		{0ECA3B69-7DB6-322D-7D51-59BC47435A50}.Debug|Any CPU.ActiveCfg = Debug|Any CPU
		{0ECA3B69-7DB6-322D-7D51-59BC47435A50}.Debug|Any CPU.Build.0 = Debug|Any CPU
		{0ECA3B69-7DB6-322D-7D51-59BC47435A50}.Release|Any CPU.ActiveCfg = Release|Any CPU
		{0ECA3B69-7DB6-322D-7D51-59BC47435A50}.Release|Any CPU.Build.0 = Release|Any CPU
		{40243313-50E1-A701-B36F-14D2BC223DA1}.Debug|Any CPU.ActiveCfg = Debug|Any CPU
		{40243313-50E1-A701-B36F-14D2BC223DA1}.Debug|Any CPU.Build.0 = Debug|Any CPU
		{40243313-50E1-A701-B36F-14D2BC223DA1}.Release|Any CPU.ActiveCfg = Release|Any CPU
		{40243313-50E1-A701-B36F-14D2BC223DA1}.Release|Any CPU.Build.0 = Release|Any CPU
		{C3C8EF0E-6954-E385-30E8-083F5335DE12}.Debug|Any CPU.ActiveCfg = Debug|Any CPU
		{C3C8EF0E-6954-E385-30E8-083F5335DE12}.Debug|Any CPU.Build.0 = Debug|Any CPU
		{C3C8EF0E-6954-E385-30E8-083F5335DE12}.Release|Any CPU.ActiveCfg = Release|Any CPU
		{C3C8EF0E-6954-E385-30E8-083F5335DE12}.Release|Any CPU.Build.0 = Release|Any CPU
		{B6ABD1ED-67BA-BDA5-3DF9-6AEB481ABA7E}.Debug|Any CPU.ActiveCfg = Debug|Any CPU
		{B6ABD1ED-67BA-BDA5-3DF9-6AEB481ABA7E}.Debug|Any CPU.Build.0 = Debug|Any CPU
		{B6ABD1ED-67BA-BDA5-3DF9-6AEB481ABA7E}.Release|Any CPU.ActiveCfg = Release|Any CPU
		{B6ABD1ED-67BA-BDA5-3DF9-6AEB481ABA7E}.Release|Any CPU.Build.0 = Release|Any CPU
		{F629B9C7-1CB8-DFE7-58A3-DE1E5DDD1D7F}.Debug|Any CPU.ActiveCfg = Debug|Any CPU
		{F629B9C7-1CB8-DFE7-58A3-DE1E5DDD1D7F}.Debug|Any CPU.Build.0 = Debug|Any CPU
		{F629B9C7-1CB8-DFE7-58A3-DE1E5DDD1D7F}.Release|Any CPU.ActiveCfg = Release|Any CPU
		{F629B9C7-1CB8-DFE7-58A3-DE1E5DDD1D7F}.Release|Any CPU.Build.0 = Release|Any CPU
		{65F49A7E-C743-2395-B32A-845BDDD7A6FD}.Debug|Any CPU.ActiveCfg = Debug|Any CPU
		{65F49A7E-C743-2395-B32A-845BDDD7A6FD}.Debug|Any CPU.Build.0 = Debug|Any CPU
		{65F49A7E-C743-2395-B32A-845BDDD7A6FD}.Release|Any CPU.ActiveCfg = Release|Any CPU
		{65F49A7E-C743-2395-B32A-845BDDD7A6FD}.Release|Any CPU.Build.0 = Release|Any CPU
		{D8EDF926-3EF2-0A9F-A65C-9ACE5D492660}.Debug|Any CPU.ActiveCfg = Debug|Any CPU
		{D8EDF926-3EF2-0A9F-A65C-9ACE5D492660}.Debug|Any CPU.Build.0 = Debug|Any CPU
		{D8EDF926-3EF2-0A9F-A65C-9ACE5D492660}.Release|Any CPU.ActiveCfg = Release|Any CPU
		{D8EDF926-3EF2-0A9F-A65C-9ACE5D492660}.Release|Any CPU.Build.0 = Release|Any CPU
		{1BFC0C8A-3634-2F9B-07CC-0C3DE22FCB57}.Debug|Any CPU.ActiveCfg = Debug|Any CPU
		{1BFC0C8A-3634-2F9B-07CC-0C3DE22FCB57}.Debug|Any CPU.Build.0 = Debug|Any CPU
		{1BFC0C8A-3634-2F9B-07CC-0C3DE22FCB57}.Release|Any CPU.ActiveCfg = Release|Any CPU
		{1BFC0C8A-3634-2F9B-07CC-0C3DE22FCB57}.Release|Any CPU.Build.0 = Release|Any CPU
		{C87F3E9E-94B9-55D1-279C-666FC6F62434}.Debug|Any CPU.ActiveCfg = Debug|Any CPU
		{C87F3E9E-94B9-55D1-279C-666FC6F62434}.Debug|Any CPU.Build.0 = Debug|Any CPU
		{C87F3E9E-94B9-55D1-279C-666FC6F62434}.Release|Any CPU.ActiveCfg = Release|Any CPU
		{C87F3E9E-94B9-55D1-279C-666FC6F62434}.Release|Any CPU.Build.0 = Release|Any CPU
		{FD451211-C06E-8834-1783-C402941CFD4B}.Debug|Any CPU.ActiveCfg = Debug|Any CPU
		{FD451211-C06E-8834-1783-C402941CFD4B}.Debug|Any CPU.Build.0 = Debug|Any CPU
		{FD451211-C06E-8834-1783-C402941CFD4B}.Release|Any CPU.ActiveCfg = Release|Any CPU
		{FD451211-C06E-8834-1783-C402941CFD4B}.Release|Any CPU.Build.0 = Release|Any CPU
		{64C5D182-37E0-2825-F03C-2C33EAA916F2}.Debug|Any CPU.ActiveCfg = Debug|Any CPU
		{64C5D182-37E0-2825-F03C-2C33EAA916F2}.Debug|Any CPU.Build.0 = Debug|Any CPU
		{64C5D182-37E0-2825-F03C-2C33EAA916F2}.Release|Any CPU.ActiveCfg = Release|Any CPU
		{64C5D182-37E0-2825-F03C-2C33EAA916F2}.Release|Any CPU.Build.0 = Release|Any CPU
		{EB280240-A1EC-E336-5DB6-3760D8747652}.Debug|Any CPU.ActiveCfg = Debug|Any CPU
		{EB280240-A1EC-E336-5DB6-3760D8747652}.Debug|Any CPU.Build.0 = Debug|Any CPU
		{EB280240-A1EC-E336-5DB6-3760D8747652}.Release|Any CPU.ActiveCfg = Release|Any CPU
		{EB280240-A1EC-E336-5DB6-3760D8747652}.Release|Any CPU.Build.0 = Release|Any CPU
		{D90FB0FB-7F66-CAAD-32B5-E97CBCBB8382}.Debug|Any CPU.ActiveCfg = Debug|Any CPU
		{D90FB0FB-7F66-CAAD-32B5-E97CBCBB8382}.Debug|Any CPU.Build.0 = Debug|Any CPU
		{D90FB0FB-7F66-CAAD-32B5-E97CBCBB8382}.Release|Any CPU.ActiveCfg = Release|Any CPU
		{D90FB0FB-7F66-CAAD-32B5-E97CBCBB8382}.Release|Any CPU.Build.0 = Release|Any CPU
		{A35CC3A7-A00A-F0BF-D340-679D1C85B245}.Debug|Any CPU.ActiveCfg = Debug|Any CPU
		{A35CC3A7-A00A-F0BF-D340-679D1C85B245}.Debug|Any CPU.Build.0 = Debug|Any CPU
		{A35CC3A7-A00A-F0BF-D340-679D1C85B245}.Release|Any CPU.ActiveCfg = Release|Any CPU
		{A35CC3A7-A00A-F0BF-D340-679D1C85B245}.Release|Any CPU.Build.0 = Release|Any CPU
		{2F3C1B0B-1261-0A59-2537-DE83EEAE345B}.Debug|Any CPU.ActiveCfg = Debug|Any CPU
		{2F3C1B0B-1261-0A59-2537-DE83EEAE345B}.Debug|Any CPU.Build.0 = Debug|Any CPU
		{2F3C1B0B-1261-0A59-2537-DE83EEAE345B}.Release|Any CPU.ActiveCfg = Release|Any CPU
		{2F3C1B0B-1261-0A59-2537-DE83EEAE345B}.Release|Any CPU.Build.0 = Release|Any CPU
		{E286521E-B05E-3C3D-FEF7-E1CD160CCFF5}.Debug|Any CPU.ActiveCfg = Debug|Any CPU
		{E286521E-B05E-3C3D-FEF7-E1CD160CCFF5}.Debug|Any CPU.Build.0 = Debug|Any CPU
		{E286521E-B05E-3C3D-FEF7-E1CD160CCFF5}.Release|Any CPU.ActiveCfg = Release|Any CPU
		{E286521E-B05E-3C3D-FEF7-E1CD160CCFF5}.Release|Any CPU.Build.0 = Release|Any CPU
		{DF2F59FE-A158-F165-C15E-E2D6A36CAB8D}.Debug|Any CPU.ActiveCfg = Debug|Any CPU
		{DF2F59FE-A158-F165-C15E-E2D6A36CAB8D}.Debug|Any CPU.Build.0 = Debug|Any CPU
		{DF2F59FE-A158-F165-C15E-E2D6A36CAB8D}.Release|Any CPU.ActiveCfg = Release|Any CPU
		{DF2F59FE-A158-F165-C15E-E2D6A36CAB8D}.Release|Any CPU.Build.0 = Release|Any CPU
		{2B061954-0459-97F7-E049-5A20E44D1022}.Debug|Any CPU.ActiveCfg = Debug|Any CPU
		{2B061954-0459-97F7-E049-5A20E44D1022}.Debug|Any CPU.Build.0 = Debug|Any CPU
		{2B061954-0459-97F7-E049-5A20E44D1022}.Release|Any CPU.ActiveCfg = Release|Any CPU
		{2B061954-0459-97F7-E049-5A20E44D1022}.Release|Any CPU.Build.0 = Release|Any CPU
		{95932E30-F061-836D-7978-1D42EC11E7B1}.Debug|Any CPU.ActiveCfg = Debug|Any CPU
		{95932E30-F061-836D-7978-1D42EC11E7B1}.Debug|Any CPU.Build.0 = Debug|Any CPU
		{95932E30-F061-836D-7978-1D42EC11E7B1}.Release|Any CPU.ActiveCfg = Release|Any CPU
		{95932E30-F061-836D-7978-1D42EC11E7B1}.Release|Any CPU.Build.0 = Release|Any CPU
		{36FC9D46-ECAA-D61E-6217-D928DF647BC3}.Debug|Any CPU.ActiveCfg = Debug|Any CPU
		{36FC9D46-ECAA-D61E-6217-D928DF647BC3}.Debug|Any CPU.Build.0 = Debug|Any CPU
		{36FC9D46-ECAA-D61E-6217-D928DF647BC3}.Release|Any CPU.ActiveCfg = Release|Any CPU
		{36FC9D46-ECAA-D61E-6217-D928DF647BC3}.Release|Any CPU.Build.0 = Release|Any CPU
		{BE294528-1B43-2561-904A-C5C0BBE23CD6}.Debug|Any CPU.ActiveCfg = Debug|Any CPU
		{BE294528-1B43-2561-904A-C5C0BBE23CD6}.Debug|Any CPU.Build.0 = Debug|Any CPU
		{BE294528-1B43-2561-904A-C5C0BBE23CD6}.Release|Any CPU.ActiveCfg = Release|Any CPU
		{BE294528-1B43-2561-904A-C5C0BBE23CD6}.Release|Any CPU.Build.0 = Release|Any CPU
		{72565F66-76E2-FD8B-69D1-A1CABFB98932}.Debug|Any CPU.ActiveCfg = Debug|Any CPU
		{72565F66-76E2-FD8B-69D1-A1CABFB98932}.Debug|Any CPU.Build.0 = Debug|Any CPU
		{72565F66-76E2-FD8B-69D1-A1CABFB98932}.Release|Any CPU.ActiveCfg = Release|Any CPU
		{72565F66-76E2-FD8B-69D1-A1CABFB98932}.Release|Any CPU.Build.0 = Release|Any CPU
		{6CEE31B4-C263-DE4A-2BCE-E210E2812B65}.Debug|Any CPU.ActiveCfg = Debug|Any CPU
		{6CEE31B4-C263-DE4A-2BCE-E210E2812B65}.Debug|Any CPU.Build.0 = Debug|Any CPU
		{6CEE31B4-C263-DE4A-2BCE-E210E2812B65}.Release|Any CPU.ActiveCfg = Release|Any CPU
		{6CEE31B4-C263-DE4A-2BCE-E210E2812B65}.Release|Any CPU.Build.0 = Release|Any CPU
		{923758B9-B0C8-B849-2FFE-06C7A2669C41}.Debug|Any CPU.ActiveCfg = Debug|Any CPU
		{923758B9-B0C8-B849-2FFE-06C7A2669C41}.Debug|Any CPU.Build.0 = Debug|Any CPU
		{923758B9-B0C8-B849-2FFE-06C7A2669C41}.Release|Any CPU.ActiveCfg = Release|Any CPU
		{923758B9-B0C8-B849-2FFE-06C7A2669C41}.Release|Any CPU.Build.0 = Release|Any CPU
		{A12CB31A-EC0B-11E3-E9A7-286AF770A50D}.Debug|Any CPU.ActiveCfg = Debug|Any CPU
		{A12CB31A-EC0B-11E3-E9A7-286AF770A50D}.Debug|Any CPU.Build.0 = Debug|Any CPU
		{A12CB31A-EC0B-11E3-E9A7-286AF770A50D}.Release|Any CPU.ActiveCfg = Release|Any CPU
		{A12CB31A-EC0B-11E3-E9A7-286AF770A50D}.Release|Any CPU.Build.0 = Release|Any CPU
		{E4980723-167B-AF1B-6426-AB24867EF322}.Debug|Any CPU.ActiveCfg = Debug|Any CPU
		{E4980723-167B-AF1B-6426-AB24867EF322}.Debug|Any CPU.Build.0 = Debug|Any CPU
		{E4980723-167B-AF1B-6426-AB24867EF322}.Release|Any CPU.ActiveCfg = Release|Any CPU
		{E4980723-167B-AF1B-6426-AB24867EF322}.Release|Any CPU.Build.0 = Release|Any CPU
		{AFE28ECB-D52C-FDAD-5817-53CD852284D9}.Debug|Any CPU.ActiveCfg = Debug|Any CPU
		{AFE28ECB-D52C-FDAD-5817-53CD852284D9}.Debug|Any CPU.Build.0 = Debug|Any CPU
		{AFE28ECB-D52C-FDAD-5817-53CD852284D9}.Release|Any CPU.ActiveCfg = Release|Any CPU
		{AFE28ECB-D52C-FDAD-5817-53CD852284D9}.Release|Any CPU.Build.0 = Release|Any CPU
		{35F8DCA5-F929-1807-E8AF-BBE5EB227D92}.Debug|Any CPU.ActiveCfg = Debug|Any CPU
		{35F8DCA5-F929-1807-E8AF-BBE5EB227D92}.Debug|Any CPU.Build.0 = Debug|Any CPU
		{35F8DCA5-F929-1807-E8AF-BBE5EB227D92}.Release|Any CPU.ActiveCfg = Release|Any CPU
		{35F8DCA5-F929-1807-E8AF-BBE5EB227D92}.Release|Any CPU.Build.0 = Release|Any CPU
		{547CF01F-68F1-C359-7995-81F346BE05F1}.Debug|Any CPU.ActiveCfg = Debug|Any CPU
		{547CF01F-68F1-C359-7995-81F346BE05F1}.Debug|Any CPU.Build.0 = Debug|Any CPU
		{547CF01F-68F1-C359-7995-81F346BE05F1}.Release|Any CPU.ActiveCfg = Release|Any CPU
		{547CF01F-68F1-C359-7995-81F346BE05F1}.Release|Any CPU.Build.0 = Release|Any CPU
		{1911D633-AA5D-2013-4CB7-10E01546E3D2}.Debug|Any CPU.ActiveCfg = Debug|Any CPU
		{1911D633-AA5D-2013-4CB7-10E01546E3D2}.Debug|Any CPU.Build.0 = Debug|Any CPU
		{1911D633-AA5D-2013-4CB7-10E01546E3D2}.Release|Any CPU.ActiveCfg = Release|Any CPU
		{1911D633-AA5D-2013-4CB7-10E01546E3D2}.Release|Any CPU.Build.0 = Release|Any CPU
		{E865DB27-423F-B7F9-C0C8-9361A5610152}.Debug|Any CPU.ActiveCfg = Debug|Any CPU
		{E865DB27-423F-B7F9-C0C8-9361A5610152}.Debug|Any CPU.Build.0 = Debug|Any CPU
		{E865DB27-423F-B7F9-C0C8-9361A5610152}.Release|Any CPU.ActiveCfg = Release|Any CPU
		{E865DB27-423F-B7F9-C0C8-9361A5610152}.Release|Any CPU.Build.0 = Release|Any CPU
	EndGlobalSection
	GlobalSection(SolutionProperties) = preSolution
		HideSolutionNode = FALSE
	EndGlobalSection
EndGlobal
